
Microsoft Visual Studio Solution File, Format Version 12.00
# Visual Studio Version 16
VisualStudioVersion = 16.0.31321.278
MinimumVisualStudioVersion = 10.0.40219.1
Project("{FAE04EC0-301F-11D3-BF4B-00C04F79EFBC}") = "THLTWLAB3", "THLTWLAB3\THLTWLAB3.csproj", "{442F7194-15B6-4ED3-AD89-AFEC351BBD47}"
EndProject
Global
	GlobalSection(SolutionConfigurationPlatforms) = preSolution
		Debug|Any CPU = Debug|Any CPU
		Release|Any CPU = Release|Any CPU
	EndGlobalSection
	GlobalSection(ProjectConfigurationPlatforms) = postSolution
		{442F7194-15B6-4ED3-AD89-AFEC351BBD47}.Debug|Any CPU.ActiveCfg = Debug|Any CPU
		{442F7194-15B6-4ED3-AD89-AFEC351BBD47}.Debug|Any CPU.Build.0 = Debug|Any CPU
		{442F7194-15B6-4ED3-AD89-AFEC351BBD47}.Release|Any CPU.ActiveCfg = Release|Any CPU
		{442F7194-15B6-4ED3-AD89-AFEC351BBD47}.Release|Any CPU.Build.0 = Release|Any CPU
	EndGlobalSection
	GlobalSection(SolutionProperties) = preSolution
		HideSolutionNode = FALSE
	EndGlobalSection
	GlobalSection(ExtensibilityGlobals) = postSolution
		SolutionGuid = {F91A9535-6A16-48B2-A1C7-2D54436CE92D}
	EndGlobalSection
EndGlobal
